{
  "version": 4,
  "terraform_version": "0.13.6",
  "serial": 7,
  "lineage": "187660da-a9cd-40a7-d6fb-75d2c98d485a",
  "outputs": {},
  "resources": [
    {
      "module": "module.lambda_function",
      "mode": "data",
      "type": "aws_iam_policy_document",
      "name": "assume_role",
      "provider": "provider[\"registry.terraform.io/hashicorp/aws\"]",
      "instances": [
        {
          "index_key": 0,
          "schema_version": 0,
          "attributes": {
            "id": "3693445097",
            "json": "{\n  \"Version\": \"2012-10-17\",\n  \"Statement\": [\n    {\n      \"Sid\": \"\",\n      \"Effect\": \"Allow\",\n      \"Action\": \"sts:AssumeRole\",\n      \"Principal\": {\n        \"Service\": \"lambda.amazonaws.com\"\n      }\n    }\n  ]\n}",
            "override_json": null,
            "policy_id": null,
            "source_json": null,
            "statement": [
              {
                "actions": [
                  "sts:AssumeRole"
                ],
                "condition": [],
                "effect": "Allow",
                "not_actions": [],
                "not_principals": [],
                "not_resources": [],
                "principals": [
                  {
                    "identifiers": [
                      "lambda.amazonaws.com"
                    ],
                    "type": "Service"
                  }
                ],
                "resources": [],
                "sid": ""
              }
            ],
            "version": "2012-10-17"
          }
        }
      ]
    },
    {
      "module": "module.lambda_function",
      "mode": "data",
      "type": "aws_iam_policy_document",
      "name": "logs",
      "provider": "provider[\"registry.terraform.io/hashicorp/aws\"]",
      "instances": [
        {
          "index_key": 0,
          "schema_version": 0,
          "attributes": {
            "id": "1109492313",
            "json": "{\n  \"Version\": \"2012-10-17\",\n  \"Statement\": [\n    {\n      \"Sid\": \"\",\n      \"Effect\": \"Allow\",\n      \"Action\": [\n        \"logs:PutLogEvents\",\n        \"logs:CreateLogStream\",\n        \"logs:CreateLogGroup\"\n      ],\n      \"Resource\": [\n        \"arn:aws:logs:us-east-1:875660052076:log-group:/aws/lambda/bezos-net-worth-scheduler:*:*\",\n        \"arn:aws:logs:us-east-1:875660052076:log-group:/aws/lambda/bezos-net-worth-scheduler:*\"\n      ]\n    }\n  ]\n}",
            "override_json": null,
            "policy_id": null,
            "source_json": null,
            "statement": [
              {
                "actions": [
                  "logs:CreateLogGroup",
                  "logs:CreateLogStream",
                  "logs:PutLogEvents"
                ],
                "condition": [],
                "effect": "Allow",
                "not_actions": [],
                "not_principals": [],
                "not_resources": [],
                "principals": [],
                "resources": [
                  "arn:aws:logs:us-east-1:875660052076:log-group:/aws/lambda/bezos-net-worth-scheduler:*",
                  "arn:aws:logs:us-east-1:875660052076:log-group:/aws/lambda/bezos-net-worth-scheduler:*:*"
                ],
                "sid": ""
              }
            ],
            "version": "2012-10-17"
          }
        }
      ]
    },
    {
      "module": "module.lambda_function",
      "mode": "managed",
      "type": "aws_cloudwatch_log_group",
      "name": "lambda",
      "provider": "provider[\"registry.terraform.io/hashicorp/aws\"]",
      "instances": [
        {
          "index_key": 0,
          "schema_version": 0,
          "attributes": {
            "arn": "arn:aws:logs:us-east-1:875660052076:log-group:/aws/lambda/bezos-net-worth-scheduler",
            "id": "/aws/lambda/bezos-net-worth-scheduler",
            "kms_key_id": "",
            "name": "/aws/lambda/bezos-net-worth-scheduler",
            "name_prefix": null,
            "retention_in_days": 0,
            "tags": null
          },
          "private": "bnVsbA=="
        }
      ]
    },
    {
      "module": "module.lambda_function",
      "mode": "managed",
      "type": "aws_iam_policy",
      "name": "logs",
      "provider": "provider[\"registry.terraform.io/hashicorp/aws\"]",
      "instances": [
        {
          "index_key": 0,
          "schema_version": 0,
          "attributes": {
            "arn": "arn:aws:iam::875660052076:policy/bezos-net-worth-scheduler-logs",
            "description": "",
            "id": "arn:aws:iam::875660052076:policy/bezos-net-worth-scheduler-logs",
            "name": "bezos-net-worth-scheduler-logs",
            "name_prefix": null,
            "path": "/",
            "policy": "{\n  \"Version\": \"2012-10-17\",\n  \"Statement\": [\n    {\n      \"Sid\": \"\",\n      \"Effect\": \"Allow\",\n      \"Action\": [\n        \"logs:PutLogEvents\",\n        \"logs:CreateLogStream\",\n        \"logs:CreateLogGroup\"\n      ],\n      \"Resource\": [\n        \"arn:aws:logs:us-east-1:875660052076:log-group:/aws/lambda/bezos-net-worth-scheduler:*:*\",\n        \"arn:aws:logs:us-east-1:875660052076:log-group:/aws/lambda/bezos-net-worth-scheduler:*\"\n      ]\n    }\n  ]\n}"
          },
          "private": "bnVsbA==",
          "dependencies": [
            "module.lambda_function.aws_cloudwatch_log_group.lambda",
            "module.lambda_function.data.aws_arn.log_group_arn",
            "module.lambda_function.data.aws_cloudwatch_log_group.lambda",
            "module.lambda_function.data.aws_iam_policy_document.logs"
          ]
        }
      ]
    },
    {
      "module": "module.lambda_function",
      "mode": "managed",
      "type": "aws_iam_policy_attachment",
      "name": "logs",
      "provider": "provider[\"registry.terraform.io/hashicorp/aws\"]",
      "instances": [
        {
          "index_key": 0,
          "schema_version": 0,
          "attributes": {
            "groups": null,
            "id": "bezos-net-worth-scheduler-logs",
            "name": "bezos-net-worth-scheduler-logs",
            "policy_arn": "arn:aws:iam::875660052076:policy/bezos-net-worth-scheduler-logs",
            "roles": [
              "bezos-net-worth-scheduler"
            ],
            "users": null
          },
          "private": "bnVsbA==",
          "dependencies": [
            "module.lambda_function.aws_cloudwatch_log_group.lambda",
            "module.lambda_function.aws_iam_policy.logs",
            "module.lambda_function.aws_iam_role.lambda",
            "module.lambda_function.data.aws_arn.log_group_arn",
            "module.lambda_function.data.aws_cloudwatch_log_group.lambda",
            "module.lambda_function.data.aws_iam_policy_document.assume_role",
            "module.lambda_function.data.aws_iam_policy_document.logs"
          ]
        }
      ]
    },
    {
      "module": "module.lambda_function",
      "mode": "managed",
      "type": "aws_iam_role",
      "name": "lambda",
      "provider": "provider[\"registry.terraform.io/hashicorp/aws\"]",
      "instances": [
        {
          "index_key": 0,
          "schema_version": 0,
          "attributes": {
            "arn": "arn:aws:iam::875660052076:role/bezos-net-worth-scheduler",
            "assume_role_policy": "{\"Version\":\"2012-10-17\",\"Statement\":[{\"Sid\":\"\",\"Effect\":\"Allow\",\"Principal\":{\"Service\":\"lambda.amazonaws.com\"},\"Action\":\"sts:AssumeRole\"}]}",
            "create_date": "2021-01-26T17:02:02Z",
            "description": "",
            "force_detach_policies": true,
            "id": "bezos-net-worth-scheduler",
            "max_session_duration": 3600,
            "name": "bezos-net-worth-scheduler",
            "name_prefix": null,
            "path": "/",
            "permissions_boundary": null,
            "tags": null,
            "unique_id": "AROA4XYLIAZWDRX6CNYZ5"
          },
          "private": "bnVsbA==",
          "dependencies": [
            "module.lambda_function.data.aws_iam_policy_document.assume_role"
          ]
        }
      ]
    },
    {
      "module": "module.lambda_function",
      "mode": "managed",
      "type": "aws_lambda_function",
      "name": "this",
      "provider": "provider[\"registry.terraform.io/hashicorp/aws\"]",
      "instances": [
        {
          "index_key": 0,
          "schema_version": 0,
          "attributes": {
            "arn": "arn:aws:lambda:us-east-1:875660052076:function:bezos-net-worth-scheduler",
            "code_signing_config_arn": "",
            "dead_letter_config": [],
            "description": "Lambda Function to Schedule Daily Jeff Bezos Net Worth tweet.",
            "environment": [],
            "file_system_config": [],
            "filename": "./package.zip",
            "function_name": "bezos-net-worth-scheduler",
            "handler": "index.lambda_handler",
            "id": "bezos-net-worth-scheduler",
            "image_config": [],
            "image_uri": "",
            "invoke_arn": "arn:aws:apigateway:us-east-1:lambda:path/2015-03-31/functions/arn:aws:lambda:us-east-1:875660052076:function:bezos-net-worth-scheduler/invocations",
            "kms_key_arn": "",
            "last_modified": "2021-01-26T17:02:12.399+0000",
            "layers": null,
            "memory_size": 128,
            "package_type": "Zip",
            "publish": false,
            "qualified_arn": "arn:aws:lambda:us-east-1:875660052076:function:bezos-net-worth-scheduler:$LATEST",
            "reserved_concurrent_executions": -1,
            "role": "arn:aws:iam::875660052076:role/bezos-net-worth-scheduler",
            "runtime": "python3.7",
            "s3_bucket": null,
            "s3_key": null,
            "s3_object_version": null,
            "signing_job_arn": "",
            "signing_profile_version_arn": "",
            "source_code_hash": "L/AIqcHHBtdkVkNoysWpIPp87cTX6ndT8gC6i85DJmM=",
            "source_code_size": 466,
            "tags": null,
            "timeout": 3,
            "timeouts": null,
            "tracing_config": [
              {
                "mode": "PassThrough"
              }
            ],
            "version": "$LATEST",
            "vpc_config": []
          },
          "private": "eyJlMmJmYjczMC1lY2FhLTExZTYtOGY4OC0zNDM2M2JjN2M0YzAiOnsiY3JlYXRlIjo2MDAwMDAwMDAwMDB9fQ==",
          "dependencies": [
            "module.lambda_function.aws_iam_role.lambda",
            "module.lambda_function.aws_s3_bucket_object.lambda_package",
            "module.lambda_function.data.aws_iam_policy_document.assume_role",
            "module.lambda_function.data.external.archive_prepare",
            "module.lambda_function.null_resource.archive"
          ]
        }
      ]
    }
  ]
}
